
Microsoft Visual Studio Solution File, Format Version 12.00
# Visual Studio Version 17
VisualStudioVersion = 17.0.31903.59
MinimumVisualStudioVersion = 10.0.40219.1
Project("{FAE04EC0-301F-11D3-BF4B-00C04F79EFBC}") = "ProyectoSPC.API", "ProyectoSPC.API\ProyectoSPC.API.csproj", "{7FD61EB2-3620-4646-8179-4A833232CD30}"
EndProject
Project("{FAE04EC0-301F-11D3-BF4B-00C04F79EFBC}") = "ProyectoSPC.Business", "ProyectoSPC.Business\ProyectoSPC.Business.csproj", "{087B45EA-A5C9-4B8B-B287-483526E75E61}"
EndProject
Project("{FAE04EC0-301F-11D3-BF4B-00C04F79EFBC}") = "ProyectoSPC.Data", "ProyectoSPC.Data\ProyectoSPC.Data.csproj", "{D3C6CAF9-74D6-417F-87BE-6EE642E42FD2}"
EndProject
Project("{FAE04EC0-301F-11D3-BF4B-00C04F79EFBC}") = "ProyectoSPC.Testing", "ProyectoSPC.Testing\ProyectoSPC.Testing.csproj", "{DA7F7FDE-C1AE-4DCA-B7F1-DE16862E84D8}"
EndProject
Global
	GlobalSection(SolutionConfigurationPlatforms) = preSolution
		Debug|Any CPU = Debug|Any CPU
		Release|Any CPU = Release|Any CPU
	EndGlobalSection
	GlobalSection(SolutionProperties) = preSolution
		HideSolutionNode = FALSE
	EndGlobalSection
	GlobalSection(ProjectConfigurationPlatforms) = postSolution
		{7FD61EB2-3620-4646-8179-4A833232CD30}.Debug|Any CPU.ActiveCfg = Debug|Any CPU
		{7FD61EB2-3620-4646-8179-4A833232CD30}.Debug|Any CPU.Build.0 = Debug|Any CPU
		{7FD61EB2-3620-4646-8179-4A833232CD30}.Release|Any CPU.ActiveCfg = Release|Any CPU
		{7FD61EB2-3620-4646-8179-4A833232CD30}.Release|Any CPU.Build.0 = Release|Any CPU
		{087B45EA-A5C9-4B8B-B287-483526E75E61}.Debug|Any CPU.ActiveCfg = Debug|Any CPU
		{087B45EA-A5C9-4B8B-B287-483526E75E61}.Debug|Any CPU.Build.0 = Debug|Any CPU
		{087B45EA-A5C9-4B8B-B287-483526E75E61}.Release|Any CPU.ActiveCfg = Release|Any CPU
		{087B45EA-A5C9-4B8B-B287-483526E75E61}.Release|Any CPU.Build.0 = Release|Any CPU
		{D3C6CAF9-74D6-417F-87BE-6EE642E42FD2}.Debug|Any CPU.ActiveCfg = Debug|Any CPU
		{D3C6CAF9-74D6-417F-87BE-6EE642E42FD2}.Debug|Any CPU.Build.0 = Debug|Any CPU
		{D3C6CAF9-74D6-417F-87BE-6EE642E42FD2}.Release|Any CPU.ActiveCfg = Release|Any CPU
		{D3C6CAF9-74D6-417F-87BE-6EE642E42FD2}.Release|Any CPU.Build.0 = Release|Any CPU
		{DA7F7FDE-C1AE-4DCA-B7F1-DE16862E84D8}.Debug|Any CPU.ActiveCfg = Debug|Any CPU
		{DA7F7FDE-C1AE-4DCA-B7F1-DE16862E84D8}.Debug|Any CPU.Build.0 = Debug|Any CPU
		{DA7F7FDE-C1AE-4DCA-B7F1-DE16862E84D8}.Release|Any CPU.ActiveCfg = Release|Any CPU
		{DA7F7FDE-C1AE-4DCA-B7F1-DE16862E84D8}.Release|Any CPU.Build.0 = Release|Any CPU
	EndGlobalSection
EndGlobal
